
Microsoft Visual Studio Solution File, Format Version 12.00
# Visual Studio Version 17
VisualStudioVersion = 17.14.36203.30
MinimumVisualStudioVersion = 10.0.40219.1
Project("{FAE04EC0-301F-11D3-BF4B-00C04F79EFBC}") = "UserAuthAPI", "UserAuthAPI\UserAuthAPI.csproj", "{988173E6-5E1B-4311-8288-44086CBBEB15}"
EndProject
Project("{FAE04EC0-301F-11D3-BF4B-00C04F79EFBC}") = "FileManagementAPI", "FileManagementAPI\FileManagementAPI.csproj", "{33ADE3DC-8D19-431B-81D0-BD424BA2B74C}"
EndProject
Project("{FAE04EC0-301F-11D3-BF4B-00C04F79EFBC}") = "FrontendUI", "FrontendUI\FrontendUI.csproj", "{720E804F-241A-45C6-B0F4-38B12AF4D740}"
EndProject
Global
	GlobalSection(SolutionConfigurationPlatforms) = preSolution
		Debug|Any CPU = Debug|Any CPU
		Release|Any CPU = Release|Any CPU
	EndGlobalSection
	GlobalSection(ProjectConfigurationPlatforms) = postSolution
		{988173E6-5E1B-4311-8288-44086CBBEB15}.Debug|Any CPU.ActiveCfg = Debug|Any CPU
		{988173E6-5E1B-4311-8288-44086CBBEB15}.Debug|Any CPU.Build.0 = Debug|Any CPU
		{988173E6-5E1B-4311-8288-44086CBBEB15}.Release|Any CPU.ActiveCfg = Release|Any CPU
		{988173E6-5E1B-4311-8288-44086CBBEB15}.Release|Any CPU.Build.0 = Release|Any CPU
		{33ADE3DC-8D19-431B-81D0-BD424BA2B74C}.Debug|Any CPU.ActiveCfg = Debug|Any CPU
		{33ADE3DC-8D19-431B-81D0-BD424BA2B74C}.Debug|Any CPU.Build.0 = Debug|Any CPU
		{33ADE3DC-8D19-431B-81D0-BD424BA2B74C}.Release|Any CPU.ActiveCfg = Release|Any CPU
		{33ADE3DC-8D19-431B-81D0-BD424BA2B74C}.Release|Any CPU.Build.0 = Release|Any CPU
		{720E804F-241A-45C6-B0F4-38B12AF4D740}.Debug|Any CPU.ActiveCfg = Debug|Any CPU
		{720E804F-241A-45C6-B0F4-38B12AF4D740}.Debug|Any CPU.Build.0 = Debug|Any CPU
		{720E804F-241A-45C6-B0F4-38B12AF4D740}.Release|Any CPU.ActiveCfg = Release|Any CPU
		{720E804F-241A-45C6-B0F4-38B12AF4D740}.Release|Any CPU.Build.0 = Release|Any CPU
	EndGlobalSection
	GlobalSection(SolutionProperties) = preSolution
		HideSolutionNode = FALSE
	EndGlobalSection
	GlobalSection(ExtensibilityGlobals) = postSolution
		SolutionGuid = {53B325C9-CC65-4392-AE58-05A4A9CD38C6}
	EndGlobalSection
EndGlobal
