
Microsoft Visual Studio Solution File, Format Version 12.00
# Visual Studio Version 17
VisualStudioVersion = 17.14.36203.30
MinimumVisualStudioVersion = 10.0.40219.1
Project("{FAE04EC0-301F-11D3-BF4B-00C04F79EFBC}") = "FileManagementAPI", "FileManagementAPI\FileManagementAPI.csproj", "{33ADE3DC-8D19-431B-81D0-BD424BA2B74C}"
EndProject
Project("{E24C65DC-7377-472B-9ABA-BC803B73C61A}") = "FrontendUI", "FrontendUI\", "{A3104C58-CCB9-CF17-88C2-437F59D738F1}"
	ProjectSection(WebsiteProperties) = preProject
		TargetFrameworkMoniker = ".NETFramework,Version%3Dv4.8"
		Debug.AspNetCompiler.VirtualPath = "/localhost_1278"
		Debug.AspNetCompiler.PhysicalPath = "FrontendUI\"
		Debug.AspNetCompiler.TargetPath = "PrecompiledWeb\localhost_1278\"
		Debug.AspNetCompiler.Updateable = "true"
		Debug.AspNetCompiler.ForceOverwrite = "true"
		Debug.AspNetCompiler.FixedNames = "false"
		Debug.AspNetCompiler.Debug = "True"
		Release.AspNetCompiler.VirtualPath = "/localhost_1278"
		Release.AspNetCompiler.PhysicalPath = "FrontendUI\"
		Release.AspNetCompiler.TargetPath = "PrecompiledWeb\localhost_1278\"
		Release.AspNetCompiler.Updateable = "true"
		Release.AspNetCompiler.ForceOverwrite = "true"
		Release.AspNetCompiler.FixedNames = "false"
		Release.AspNetCompiler.Debug = "False"
		VWDPort = "1278"
		SlnRelativePath = "FrontendUI\"
	EndProjectSection
EndProject
Global
	GlobalSection(SolutionConfigurationPlatforms) = preSolution
		Debug|Any CPU = Debug|Any CPU
		Release|Any CPU = Release|Any CPU
	EndGlobalSection
	GlobalSection(ProjectConfigurationPlatforms) = postSolution
		{33ADE3DC-8D19-431B-81D0-BD424BA2B74C}.Debug|Any CPU.ActiveCfg = Debug|Any CPU
		{33ADE3DC-8D19-431B-81D0-BD424BA2B74C}.Debug|Any CPU.Build.0 = Debug|Any CPU
		{33ADE3DC-8D19-431B-81D0-BD424BA2B74C}.Release|Any CPU.ActiveCfg = Release|Any CPU
		{33ADE3DC-8D19-431B-81D0-BD424BA2B74C}.Release|Any CPU.Build.0 = Release|Any CPU
		{A3104C58-CCB9-CF17-88C2-437F59D738F1}.Debug|Any CPU.ActiveCfg = Debug|Any CPU
		{A3104C58-CCB9-CF17-88C2-437F59D738F1}.Debug|Any CPU.Build.0 = Debug|Any CPU
		{A3104C58-CCB9-CF17-88C2-437F59D738F1}.Release|Any CPU.ActiveCfg = Debug|Any CPU
		{A3104C58-CCB9-CF17-88C2-437F59D738F1}.Release|Any CPU.Build.0 = Debug|Any CPU
	EndGlobalSection
	GlobalSection(SolutionProperties) = preSolution
		HideSolutionNode = FALSE
	EndGlobalSection
	GlobalSection(ExtensibilityGlobals) = postSolution
		SolutionGuid = {53B325C9-CC65-4392-AE58-05A4A9CD38C6}
	EndGlobalSection
EndGlobal
